
Microsoft Visual Studio Solution File, Format Version 12.00
# Visual Studio Version 16
VisualStudioVersion = 16.0.31424.327
MinimumVisualStudioVersion = 10.0.40219.1
Project("{FAE04EC0-301F-11D3-BF4B-00C04F79EFBC}") = "RSS", "RSS\RSS.csproj", "{A45491C8-5BC9-4E77-91A7-95AF6E30AC1F}"
EndProject
Global
	GlobalSection(SolutionConfigurationPlatforms) = preSolution
		Debug|Any CPU = Debug|Any CPU
		Release|Any CPU = Release|Any CPU
	EndGlobalSection
	GlobalSection(ProjectConfigurationPlatforms) = postSolution
		{A45491C8-5BC9-4E77-91A7-95AF6E30AC1F}.Debug|Any CPU.ActiveCfg = Debug|Any CPU
		{A45491C8-5BC9-4E77-91A7-95AF6E30AC1F}.Debug|Any CPU.Build.0 = Debug|Any CPU
		{A45491C8-5BC9-4E77-91A7-95AF6E30AC1F}.Release|Any CPU.ActiveCfg = Release|Any CPU
		{A45491C8-5BC9-4E77-91A7-95AF6E30AC1F}.Release|Any CPU.Build.0 = Release|Any CPU
	EndGlobalSection
	GlobalSection(SolutionProperties) = preSolution
		HideSolutionNode = FALSE
	EndGlobalSection
	GlobalSection(ExtensibilityGlobals) = postSolution
		SolutionGuid = {70E0A126-A9EE-43A2-A023-EF2F22ED8A24}
	EndGlobalSection
EndGlobal
